
Microsoft Visual Studio Solution File, Format Version 12.00
# Visual Studio Version 17
VisualStudioVersion = 17.0.31903.59
MinimumVisualStudioVersion = 10.0.40219.1
Project("{FAE04EC0-301F-11D3-BF4B-00C04F79EFBC}") = "shareit", "shareit\shareit.csproj", "{8F82753E-ACDC-42E0-9F8D-4F4383C11A23}"
EndProject
Project("{FAE04EC0-301F-11D3-BF4B-00C04F79EFBC}") = "shareitLib", "shareitLib\shareitLib.csproj", "{0E3F5E7F-ABAE-41D6-BE93-C004784D665A}"
EndProject
Global
	GlobalSection(SolutionConfigurationPlatforms) = preSolution
		Debug|Any CPU = Debug|Any CPU
		Release|Any CPU = Release|Any CPU
	EndGlobalSection
	GlobalSection(SolutionProperties) = preSolution
		HideSolutionNode = FALSE
	EndGlobalSection
	GlobalSection(ProjectConfigurationPlatforms) = postSolution
		{8F82753E-ACDC-42E0-9F8D-4F4383C11A23}.Debug|Any CPU.ActiveCfg = Debug|Any CPU
		{8F82753E-ACDC-42E0-9F8D-4F4383C11A23}.Debug|Any CPU.Build.0 = Debug|Any CPU
		{8F82753E-ACDC-42E0-9F8D-4F4383C11A23}.Release|Any CPU.ActiveCfg = Release|Any CPU
		{8F82753E-ACDC-42E0-9F8D-4F4383C11A23}.Release|Any CPU.Build.0 = Release|Any CPU
		{0E3F5E7F-ABAE-41D6-BE93-C004784D665A}.Debug|Any CPU.ActiveCfg = Debug|Any CPU
		{0E3F5E7F-ABAE-41D6-BE93-C004784D665A}.Debug|Any CPU.Build.0 = Debug|Any CPU
		{0E3F5E7F-ABAE-41D6-BE93-C004784D665A}.Release|Any CPU.ActiveCfg = Release|Any CPU
		{0E3F5E7F-ABAE-41D6-BE93-C004784D665A}.Release|Any CPU.Build.0 = Release|Any CPU
	EndGlobalSection
EndGlobal
